# THIS IS AN AUTOGENERATED FILE. DO NOT EDIT THIS FILE DIRECTLY.
# yarn lockfile v1


"@zeit/dns-cached-resolve@^1.0.0":
  version "1.0.0"
  resolved "https://registry.yarnpkg.com/@zeit/dns-cached-resolve/-/dns-cached-resolve-1.0.0.tgz#ae82f9be6ca730c84958e85a77b2ca51a736b8aa"
  dependencies:
    lru-cache "4.1.1"

"@zeit/fetch-cached-dns@1.0.0":
  version "1.0.0"
  resolved "https://registry.yarnpkg.com/@zeit/fetch-cached-dns/-/fetch-cached-dns-1.0.0.tgz#f911250a267a2938068a9e9757602cfd5243af89"
  dependencies:
    "@zeit/dns-cached-resolve" "^1.0.0"

"@zeit/fetch-retry@2.0.0":
  version "2.0.0"
  resolved "https://registry.yarnpkg.com/@zeit/fetch-retry/-/fetch-retry-2.0.0.tgz#da6f895dbb2fbf4cf267cc55105b20a9e2b2b5a0"
  dependencies:
    async-retry "^1.1.3"
    debug "^3.1.0"

agentkeepalive@^3.3.0:
  version "3.3.0"
  resolved "https://registry.yarnpkg.com/agentkeepalive/-/agentkeepalive-3.3.0.tgz#6d5de5829afd3be2712201a39275fd11c651857c"
  dependencies:
    humanize-ms "^1.2.1"

async-retry@^1.1.3:
  version "1.1.4"
  resolved "https://registry.yarnpkg.com/async-retry/-/async-retry-1.1.4.tgz#e0edb546600f19bf90f892e9494faa9e19baf190"
  dependencies:
    retry "0.10.1"

debug@^3.1.0:
  version "3.1.0"
  resolved "https://registry.yarnpkg.com/debug/-/debug-3.1.0.tgz#5bb5a0672628b64149566ba16819e61518c67261"
  dependencies:
    ms "2.0.0"

encoding@^0.1.11:
  version "0.1.12"
  resolved "https://registry.yarnpkg.com/encoding/-/encoding-0.1.12.tgz#538b66f3ee62cd1ab51ec323829d1f9480c74beb"
  dependencies:
    iconv-lite "~0.4.13"

humanize-ms@^1.2.1:
  version "1.2.1"
  resolved "https://registry.yarnpkg.com/humanize-ms/-/humanize-ms-1.2.1.tgz#c46e3159a293f6b896da29316d8b6fe8bb79bbed"
  dependencies:
    ms "^2.0.0"

iconv-lite@~0.4.13:
  version "0.4.19"
  resolved "https://registry.yarnpkg.com/iconv-lite/-/iconv-lite-0.4.19.tgz#f7468f60135f5e5dad3399c0a81be9a1603a082b"

is-stream@^1.0.1:
  version "1.1.0"
  resolved "https://registry.yarnpkg.com/is-stream/-/is-stream-1.1.0.tgz#12d4a3dd4e68e0b79ceb8dbc84173ae80d91ca44"

lru-cache@4.1.1:
  version "4.1.1"
  resolved "https://registry.yarnpkg.com/lru-cache/-/lru-cache-4.1.1.tgz#622e32e82488b49279114a4f9ecf45e7cd6bba55"
  dependencies:
    pseudomap "^1.0.2"
    yallist "^2.1.2"

ms@2.0.0, ms@^2.0.0:
  version "2.0.0"
  resolved "https://registry.yarnpkg.com/ms/-/ms-2.0.0.tgz#5608aeadfc00be6c2901df5f9861788de0d597c8"

node-fetch@1.7.3:
  version "1.7.3"
  resolved "https://registry.yarnpkg.com/node-fetch/-/node-fetch-1.7.3.tgz#980f6f72d85211a5347c6b2bc18c5b84c3eb47ef"
  dependencies:
    encoding "^0.1.11"
    is-stream "^1.0.1"

pseudomap@^1.0.2:
  version "1.0.2"
  resolved "https://registry.yarnpkg.com/pseudomap/-/pseudomap-1.0.2.tgz#f052a28da70e618917ef0a8ac34c1ae5a68286b3"

retry@0.10.1:
  version "0.10.1"
  resolved "https://registry.yarnpkg.com/retry/-/retry-0.10.1.tgz#e76388d217992c252750241d3d3956fed98d8ff4"

yallist@^2.1.2:
  version "2.1.2"
  resolved "https://registry.yarnpkg.com/yallist/-/yallist-2.1.2.tgz#1c11f9218f076089a47dd512f93c6699a6a81d52"
